// !$*UTF8*$!
{
	archiveVersion = 1;
	classes = {
	};
	objectVersion = 50;
	objects = {

/* Begin PBXBuildFile section */
		553EE7D8249E16EA00D5261A /* APIConstants.swift in Sources */ = {isa = PBXBuildFile; fileRef = 553EE7D7249E16EA00D5261A /* APIConstants.swift */; };
		553EE7DA249E248C00D5261A /* HourlyWeatherCollectionViewCell.swift in Sources */ = {isa = PBXBuildFile; fileRef = 553EE7D9249E248C00D5261A /* HourlyWeatherCollectionViewCell.swift */; };
		553EE7DC249E270800D5261A /* CityDetailsVCExtensionForHourlyWeatherCollectionView.swift in Sources */ = {isa = PBXBuildFile; fileRef = 553EE7DB249E270800D5261A /* CityDetailsVCExtensionForHourlyWeatherCollectionView.swift */; };
		55505680249FAB3100AE65D8 /* CurrentOtherWeatherInformationTableViewCell.swift in Sources */ = {isa = PBXBuildFile; fileRef = 5550567F249FAB3100AE65D8 /* CurrentOtherWeatherInformationTableViewCell.swift */; };
		557C351F249F811500269E03 /* CityDetailsVCExtensionForDailyWeatherTableView.swift in Sources */ = {isa = PBXBuildFile; fileRef = 557C351E249F811500269E03 /* CityDetailsVCExtensionForDailyWeatherTableView.swift */; };
		557C3521249F836500269E03 /* DailyWeatherDataTableViewCell.swift in Sources */ = {isa = PBXBuildFile; fileRef = 557C3520249F836500269E03 /* DailyWeatherDataTableViewCell.swift */; };
		61000C43249B0F7300C64711 /* AppDelegate.swift in Sources */ = {isa = PBXBuildFile; fileRef = 61000C42249B0F7300C64711 /* AppDelegate.swift */; };
		61000C45249B0F7300C64711 /* SceneDelegate.swift in Sources */ = {isa = PBXBuildFile; fileRef = 61000C44249B0F7300C64711 /* SceneDelegate.swift */; };
		61000C47249B0F7300C64711 /* HomeVC.swift in Sources */ = {isa = PBXBuildFile; fileRef = 61000C46249B0F7300C64711 /* HomeVC.swift */; };
		61000C4C249B0F7400C64711 /* Assets.xcassets in Resources */ = {isa = PBXBuildFile; fileRef = 61000C4B249B0F7400C64711 /* Assets.xcassets */; };
		61000C4F249B0F7400C64711 /* LaunchScreen.storyboard in Resources */ = {isa = PBXBuildFile; fileRef = 61000C4D249B0F7400C64711 /* LaunchScreen.storyboard */; };
		61000C57249B11A200C64711 /* Home.storyboard in Resources */ = {isa = PBXBuildFile; fileRef = 61000C56249B11A200C64711 /* Home.storyboard */; };
		61000C5E249C691600C64711 /* getWeatherOfThePlaceResponse.swift in Sources */ = {isa = PBXBuildFile; fileRef = 61000C5D249C691600C64711 /* getWeatherOfThePlaceResponse.swift */; };
		61000C60249C696200C64711 /* BaseAPI.swift in Sources */ = {isa = PBXBuildFile; fileRef = 61000C5F249C696200C64711 /* BaseAPI.swift */; };
		61000C62249C69DD00C64711 /* APIUtility.swift in Sources */ = {isa = PBXBuildFile; fileRef = 61000C61249C69DD00C64711 /* APIUtility.swift */; };
		615B757F24A1469800B6929D /* UnitAndAddFooterTableViewCell.swift in Sources */ = {isa = PBXBuildFile; fileRef = 615B757E24A1469800B6929D /* UnitAndAddFooterTableViewCell.swift */; };
		616433D1249DE0E100171D67 /* CityDetailsVC.swift in Sources */ = {isa = PBXBuildFile; fileRef = 616433D0249DE0E100171D67 /* CityDetailsVC.swift */; };
		616433F3249E01E600171D67 /* getWeatherOfThePlaceResponseDetailed.swift in Sources */ = {isa = PBXBuildFile; fileRef = 616433F2249E01E600171D67 /* getWeatherOfThePlaceResponseDetailed.swift */; };
		61865C20249DB39F00EB339B /* CityShortDetailsCell.swift in Sources */ = {isa = PBXBuildFile; fileRef = 61865C1F249DB39F00EB339B /* CityShortDetailsCell.swift */; };
		61DEA1EE24A5BABD00486F83 /* MapSelectionViewController.swift in Sources */ = {isa = PBXBuildFile; fileRef = 61DEA1ED24A5BABD00486F83 /* MapSelectionViewController.swift */; };
/* End PBXBuildFile section */

/* Begin PBXFileReference section */
		553EE7D7249E16EA00D5261A /* APIConstants.swift */ = {isa = PBXFileReference; lastKnownFileType = sourcecode.swift; path = APIConstants.swift; sourceTree = "<group>"; };
		553EE7D9249E248C00D5261A /* HourlyWeatherCollectionViewCell.swift */ = {isa = PBXFileReference; lastKnownFileType = sourcecode.swift; path = HourlyWeatherCollectionViewCell.swift; sourceTree = "<group>"; };
		553EE7DB249E270800D5261A /* CityDetailsVCExtensionForHourlyWeatherCollectionView.swift */ = {isa = PBXFileReference; lastKnownFileType = sourcecode.swift; path = CityDetailsVCExtensionForHourlyWeatherCollectionView.swift; sourceTree = "<group>"; };
		5550567F249FAB3100AE65D8 /* CurrentOtherWeatherInformationTableViewCell.swift */ = {isa = PBXFileReference; lastKnownFileType = sourcecode.swift; path = CurrentOtherWeatherInformationTableViewCell.swift; sourceTree = "<group>"; };
		557C351E249F811500269E03 /* CityDetailsVCExtensionForDailyWeatherTableView.swift */ = {isa = PBXFileReference; lastKnownFileType = sourcecode.swift; path = CityDetailsVCExtensionForDailyWeatherTableView.swift; sourceTree = "<group>"; };
		557C3520249F836500269E03 /* DailyWeatherDataTableViewCell.swift */ = {isa = PBXFileReference; lastKnownFileType = sourcecode.swift; path = DailyWeatherDataTableViewCell.swift; sourceTree = "<group>"; };
		61000C3F249B0F7300C64711 /* Outside.app */ = {isa = PBXFileReference; explicitFileType = wrapper.application; includeInIndex = 0; path = Outside.app; sourceTree = BUILT_PRODUCTS_DIR; };
		61000C42249B0F7300C64711 /* AppDelegate.swift */ = {isa = PBXFileReference; lastKnownFileType = sourcecode.swift; path = AppDelegate.swift; sourceTree = "<group>"; };
		61000C44249B0F7300C64711 /* SceneDelegate.swift */ = {isa = PBXFileReference; lastKnownFileType = sourcecode.swift; path = SceneDelegate.swift; sourceTree = "<group>"; };
		61000C46249B0F7300C64711 /* HomeVC.swift */ = {isa = PBXFileReference; lastKnownFileType = sourcecode.swift; path = HomeVC.swift; sourceTree = "<group>"; };
		61000C4B249B0F7400C64711 /* Assets.xcassets */ = {isa = PBXFileReference; lastKnownFileType = folder.assetcatalog; path = Assets.xcassets; sourceTree = "<group>"; };
		61000C4E249B0F7400C64711 /* Base */ = {isa = PBXFileReference; lastKnownFileType = file.storyboard; name = Base; path = Base.lproj/LaunchScreen.storyboard; sourceTree = "<group>"; };
		61000C50249B0F7400C64711 /* Info.plist */ = {isa = PBXFileReference; lastKnownFileType = text.plist.xml; path = Info.plist; sourceTree = "<group>"; };
		61000C56249B11A200C64711 /* Home.storyboard */ = {isa = PBXFileReference; lastKnownFileType = file.storyboard; path = Home.storyboard; sourceTree = "<group>"; };
		61000C5D249C691600C64711 /* getWeatherOfThePlaceResponse.swift */ = {isa = PBXFileReference; lastKnownFileType = sourcecode.swift; path = getWeatherOfThePlaceResponse.swift; sourceTree = "<group>"; };
		61000C5F249C696200C64711 /* BaseAPI.swift */ = {isa = PBXFileReference; lastKnownFileType = sourcecode.swift; path = BaseAPI.swift; sourceTree = "<group>"; };
		61000C61249C69DD00C64711 /* APIUtility.swift */ = {isa = PBXFileReference; lastKnownFileType = sourcecode.swift; path = APIUtility.swift; sourceTree = "<group>"; };
		615B757E24A1469800B6929D /* UnitAndAddFooterTableViewCell.swift */ = {isa = PBXFileReference; lastKnownFileType = sourcecode.swift; path = UnitAndAddFooterTableViewCell.swift; sourceTree = "<group>"; };
		616433D0249DE0E100171D67 /* CityDetailsVC.swift */ = {isa = PBXFileReference; lastKnownFileType = sourcecode.swift; path = CityDetailsVC.swift; sourceTree = "<group>"; };
		616433F2249E01E600171D67 /* getWeatherOfThePlaceResponseDetailed.swift */ = {isa = PBXFileReference; lastKnownFileType = sourcecode.swift; path = getWeatherOfThePlaceResponseDetailed.swift; sourceTree = "<group>"; };
		61865C1F249DB39F00EB339B /* CityShortDetailsCell.swift */ = {isa = PBXFileReference; lastKnownFileType = sourcecode.swift; path = CityShortDetailsCell.swift; sourceTree = "<group>"; };
		61DEA1ED24A5BABD00486F83 /* MapSelectionViewController.swift */ = {isa = PBXFileReference; fileEncoding = 4; lastKnownFileType = sourcecode.swift; path = MapSelectionViewController.swift; sourceTree = "<group>"; };
/* End PBXFileReference section */

/* Begin PBXFrameworksBuildPhase section */
		61000C3C249B0F7300C64711 /* Frameworks */ = {
			isa = PBXFrameworksBuildPhase;
			buildActionMask = 2147483647;
			files = (
			);
			runOnlyForDeploymentPostprocessing = 0;
		};
/* End PBXFrameworksBuildPhase section */

/* Begin PBXGroup section */
		61000C36249B0F7300C64711 = {
			isa = PBXGroup;
			children = (
				61000C41249B0F7300C64711 /* Outside */,
				61000C40249B0F7300C64711 /* Products */,
			);
			sourceTree = "<group>";
		};
		61000C40249B0F7300C64711 /* Products */ = {
			isa = PBXGroup;
			children = (
				61000C3F249B0F7300C64711 /* Outside.app */,
			);
			name = Products;
			sourceTree = "<group>";
		};
		61000C41249B0F7300C64711 /* Outside */ = {
			isa = PBXGroup;
			children = (
				61DEA1EC24A5BABD00486F83 /* MapSelectionViewContoller */,
				616433CF249DE0C000171D67 /* CityDetailsVC */,
				61865C1E249DB35B00EB339B /* HomeVC */,
				61000C5C249C68C900C64711 /* API */,
				61000C42249B0F7300C64711 /* AppDelegate.swift */,
				61000C4B249B0F7400C64711 /* Assets.xcassets */,
				61000C44249B0F7300C64711 /* SceneDelegate.swift */,
				61000C4D249B0F7400C64711 /* LaunchScreen.storyboard */,
				61000C50249B0F7400C64711 /* Info.plist */,
				61000C56249B11A200C64711 /* Home.storyboard */,
			);
			path = Outside;
			sourceTree = "<group>";
		};
		61000C5C249C68C900C64711 /* API */ = {
			isa = PBXGroup;
			children = (
				61000C5D249C691600C64711 /* getWeatherOfThePlaceResponse.swift */,
				61000C5F249C696200C64711 /* BaseAPI.swift */,
				61000C61249C69DD00C64711 /* APIUtility.swift */,
				616433F2249E01E600171D67 /* getWeatherOfThePlaceResponseDetailed.swift */,
				553EE7D7249E16EA00D5261A /* APIConstants.swift */,
			);
			path = API;
			sourceTree = "<group>";
		};
		616433CF249DE0C000171D67 /* CityDetailsVC */ = {
			isa = PBXGroup;
			children = (
				616433D0249DE0E100171D67 /* CityDetailsVC.swift */,
				553EE7D9249E248C00D5261A /* HourlyWeatherCollectionViewCell.swift */,
				553EE7DB249E270800D5261A /* CityDetailsVCExtensionForHourlyWeatherCollectionView.swift */,
				557C351E249F811500269E03 /* CityDetailsVCExtensionForDailyWeatherTableView.swift */,
				557C3520249F836500269E03 /* DailyWeatherDataTableViewCell.swift */,
				5550567F249FAB3100AE65D8 /* CurrentOtherWeatherInformationTableViewCell.swift */,
			);
			path = CityDetailsVC;
			sourceTree = "<group>";
		};
		61865C1E249DB35B00EB339B /* HomeVC */ = {
			isa = PBXGroup;
			children = (
				61000C46249B0F7300C64711 /* HomeVC.swift */,
				61865C1F249DB39F00EB339B /* CityShortDetailsCell.swift */,
				615B757E24A1469800B6929D /* UnitAndAddFooterTableViewCell.swift */,
			);
			path = HomeVC;
			sourceTree = "<group>";
		};
		61DEA1EC24A5BABD00486F83 /* MapSelectionViewContoller */ = {
			isa = PBXGroup;
			children = (
				61DEA1ED24A5BABD00486F83 /* MapSelectionViewController.swift */,
			);
			path = MapSelectionViewContoller;
			sourceTree = "<group>";
		};
/* End PBXGroup section */

/* Begin PBXNativeTarget section */
		61000C3E249B0F7300C64711 /* Outside */ = {
			isa = PBXNativeTarget;
			buildConfigurationList = 61000C53249B0F7400C64711 /* Build configuration list for PBXNativeTarget "Outside" */;
			buildPhases = (
				61000C3B249B0F7300C64711 /* Sources */,
				61000C3C249B0F7300C64711 /* Frameworks */,
				61000C3D249B0F7300C64711 /* Resources */,
			);
			buildRules = (
			);
			dependencies = (
			);
			name = Outside;
			productName = Outside;
			productReference = 61000C3F249B0F7300C64711 /* Outside.app */;
			productType = "com.apple.product-type.application";
		};
/* End PBXNativeTarget section */

/* Begin PBXProject section */
		61000C37249B0F7300C64711 /* Project object */ = {
			isa = PBXProject;
			attributes = {
				LastSwiftUpdateCheck = 1130;
				LastUpgradeCheck = 1130;
				ORGANIZATIONNAME = "Agnidhra Gangopadhyay";
				TargetAttributes = {
					61000C3E249B0F7300C64711 = {
						CreatedOnToolsVersion = 11.3.1;
					};
				};
			};
			buildConfigurationList = 61000C3A249B0F7300C64711 /* Build configuration list for PBXProject "Outside" */;
			compatibilityVersion = "Xcode 9.3";
			developmentRegion = en;
			hasScannedForEncodings = 0;
			knownRegions = (
				en,
				Base,
			);
			mainGroup = 61000C36249B0F7300C64711;
			productRefGroup = 61000C40249B0F7300C64711 /* Products */;
			projectDirPath = "";
			projectRoot = "";
			targets = (
				61000C3E249B0F7300C64711 /* Outside */,
			);
		};
/* End PBXProject section */

/* Begin PBXResourcesBuildPhase section */
		61000C3D249B0F7300C64711 /* Resources */ = {
			isa = PBXResourcesBuildPhase;
			buildActionMask = 2147483647;
			files = (
				61000C4F249B0F7400C64711 /* LaunchScreen.storyboard in Resources */,
				61000C4C249B0F7400C64711 /* Assets.xcassets in Resources */,
				61000C57249B11A200C64711 /* Home.storyboard in Resources */,
			);
			runOnlyForDeploymentPostprocessing = 0;
		};
/* End PBXResourcesBuildPhase section */

/* Begin PBXSourcesBuildPhase section */
		61000C3B249B0F7300C64711 /* Sources */ = {
			isa = PBXSourcesBuildPhase;
			buildActionMask = 2147483647;
			files = (
				61000C47249B0F7300C64711 /* HomeVC.swift in Sources */,
				61000C62249C69DD00C64711 /* APIUtility.swift in Sources */,
				61000C43249B0F7300C64711 /* AppDelegate.swift in Sources */,
				55505680249FAB3100AE65D8 /* CurrentOtherWeatherInformationTableViewCell.swift in Sources */,
				553EE7DC249E270800D5261A /* CityDetailsVCExtensionForHourlyWeatherCollectionView.swift in Sources */,
				616433F3249E01E600171D67 /* getWeatherOfThePlaceResponseDetailed.swift in Sources */,
				61000C45249B0F7300C64711 /* SceneDelegate.swift in Sources */,
				61000C5E249C691600C64711 /* getWeatherOfThePlaceResponse.swift in Sources */,
				553EE7D8249E16EA00D5261A /* APIConstants.swift in Sources */,
				557C3521249F836500269E03 /* DailyWeatherDataTableViewCell.swift in Sources */,
				61865C20249DB39F00EB339B /* CityShortDetailsCell.swift in Sources */,
				553EE7DA249E248C00D5261A /* HourlyWeatherCollectionViewCell.swift in Sources */,
				615B757F24A1469800B6929D /* UnitAndAddFooterTableViewCell.swift in Sources */,
				616433D1249DE0E100171D67 /* CityDetailsVC.swift in Sources */,
				557C351F249F811500269E03 /* CityDetailsVCExtensionForDailyWeatherTableView.swift in Sources */,
				61000C60249C696200C64711 /* BaseAPI.swift in Sources */,
				61DEA1EE24A5BABD00486F83 /* MapSelectionViewController.swift in Sources */,
			);
			runOnlyForDeploymentPostprocessing = 0;
		};
/* End PBXSourcesBuildPhase section */

/* Begin PBXVariantGroup section */
		61000C4D249B0F7400C64711 /* LaunchScreen.storyboard */ = {
			isa = PBXVariantGroup;
			children = (
				61000C4E249B0F7400C64711 /* Base */,
			);
			name = LaunchScreen.storyboard;
			sourceTree = "<group>";
		};
/* End PBXVariantGroup section */

/* Begin XCBuildConfiguration section */
		61000C51249B0F7400C64711 /* Debug */ = {
			isa = XCBuildConfiguration;
			buildSettings = {
				ALWAYS_SEARCH_USER_PATHS = NO;
				CLANG_ANALYZER_NONNULL = YES;
				CLANG_ANALYZER_NUMBER_OBJECT_CONVERSION = YES_AGGRESSIVE;
				CLANG_CXX_LANGUAGE_STANDARD = "gnu++14";
				CLANG_CXX_LIBRARY = "libc++";
				CLANG_ENABLE_MODULES = YES;
				CLANG_ENABLE_OBJC_ARC = YES;
				CLANG_ENABLE_OBJC_WEAK = YES;
				CLANG_WARN_BLOCK_CAPTURE_AUTORELEASING = YES;
				CLANG_WARN_BOOL_CONVERSION = YES;
				CLANG_WARN_COMMA = YES;
				CLANG_WARN_CONSTANT_CONVERSION = YES;
				CLANG_WARN_DEPRECATED_OBJC_IMPLEMENTATIONS = YES;
				CLANG_WARN_DIRECT_OBJC_ISA_USAGE = YES_ERROR;
				CLANG_WARN_DOCUMENTATION_COMMENTS = YES;
				CLANG_WARN_EMPTY_BODY = YES;
				CLANG_WARN_ENUM_CONVERSION = YES;
				CLANG_WARN_INFINITE_RECURSION = YES;
				CLANG_WARN_INT_CONVERSION = YES;
				CLANG_WARN_NON_LITERAL_NULL_CONVERSION = YES;
				CLANG_WARN_OBJC_IMPLICIT_RETAIN_SELF = YES;
				CLANG_WARN_OBJC_LITERAL_CONVERSION = YES;
				CLANG_WARN_OBJC_ROOT_CLASS = YES_ERROR;
				CLANG_WARN_RANGE_LOOP_ANALYSIS = YES;
				CLANG_WARN_STRICT_PROTOTYPES = YES;
				CLANG_WARN_SUSPICIOUS_MOVE = YES;
				CLANG_WARN_UNGUARDED_AVAILABILITY = YES_AGGRESSIVE;
				CLANG_WARN_UNREACHABLE_CODE = YES;
				CLANG_WARN__DUPLICATE_METHOD_MATCH = YES;
				COPY_PHASE_STRIP = NO;
				DEBUG_INFORMATION_FORMAT = dwarf;
				ENABLE_STRICT_OBJC_MSGSEND = YES;
				ENABLE_TESTABILITY = YES;
				GCC_C_LANGUAGE_STANDARD = gnu11;
				GCC_DYNAMIC_NO_PIC = NO;
				GCC_NO_COMMON_BLOCKS = YES;
				GCC_OPTIMIZATION_LEVEL = 0;
				GCC_PREPROCESSOR_DEFINITIONS = (
					"DEBUG=1",
					"$(inherited)",
				);
				GCC_WARN_64_TO_32_BIT_CONVERSION = YES;
				GCC_WARN_ABOUT_RETURN_TYPE = YES_ERROR;
				GCC_WARN_UNDECLARED_SELECTOR = YES;
				GCC_WARN_UNINITIALIZED_AUTOS = YES_AGGRESSIVE;
				GCC_WARN_UNUSED_FUNCTION = YES;
				GCC_WARN_UNUSED_VARIABLE = YES;
				IPHONEOS_DEPLOYMENT_TARGET = 12.2;
				MTL_ENABLE_DEBUG_INFO = INCLUDE_SOURCE;
				MTL_FAST_MATH = YES;
				ONLY_ACTIVE_ARCH = YES;
				SDKROOT = iphoneos;
				SWIFT_ACTIVE_COMPILATION_CONDITIONS = DEBUG;
				SWIFT_OPTIMIZATION_LEVEL = "-Onone";
			};
			name = Debug;
		};
		61000C52249B0F7400C64711 /* Release */ = {
			isa = XCBuildConfiguration;
			buildSettings = {
				ALWAYS_SEARCH_USER_PATHS = NO;
				CLANG_ANALYZER_NONNULL = YES;
				CLANG_ANALYZER_NUMBER_OBJECT_CONVERSION = YES_AGGRESSIVE;
				CLANG_CXX_LANGUAGE_STANDARD = "gnu++14";
				CLANG_CXX_LIBRARY = "libc++";
				CLANG_ENABLE_MODULES = YES;
				CLANG_ENABLE_OBJC_ARC = YES;
				CLANG_ENABLE_OBJC_WEAK = YES;
				CLANG_WARN_BLOCK_CAPTURE_AUTORELEASING = YES;
				CLANG_WARN_BOOL_CONVERSION = YES;
				CLANG_WARN_COMMA = YES;
				CLANG_WARN_CONSTANT_CONVERSION = YES;
				CLANG_WARN_DEPRECATED_OBJC_IMPLEMENTATIONS = YES;
				CLANG_WARN_DIRECT_OBJC_ISA_USAGE = YES_ERROR;
				CLANG_WARN_DOCUMENTATION_COMMENTS = YES;
				CLANG_WARN_EMPTY_BODY = YES;
				CLANG_WARN_ENUM_CONVERSION = YES;
				CLANG_WARN_INFINITE_RECURSION = YES;
				CLANG_WARN_INT_CONVERSION = YES;
				CLANG_WARN_NON_LITERAL_NULL_CONVERSION = YES;
				CLANG_WARN_OBJC_IMPLICIT_RETAIN_SELF = YES;
				CLANG_WARN_OBJC_LITERAL_CONVERSION = YES;
				CLANG_WARN_OBJC_ROOT_CLASS = YES_ERROR;
				CLANG_WARN_RANGE_LOOP_ANALYSIS = YES;
				CLANG_WARN_STRICT_PROTOTYPES = YES;
				CLANG_WARN_SUSPICIOUS_MOVE = YES;
				CLANG_WARN_UNGUARDED_AVAILABILITY = YES_AGGRESSIVE;
				CLANG_WARN_UNREACHABLE_CODE = YES;
				CLANG_WARN__DUPLICATE_METHOD_MATCH = YES;
				COPY_PHASE_STRIP = NO;
				DEBUG_INFORMATION_FORMAT = "dwarf-with-dsym";
				ENABLE_NS_ASSERTIONS = NO;
				ENABLE_STRICT_OBJC_MSGSEND = YES;
				GCC_C_LANGUAGE_STANDARD = gnu11;
				GCC_NO_COMMON_BLOCKS = YES;
				GCC_WARN_64_TO_32_BIT_CONVERSION = YES;
				GCC_WARN_ABOUT_RETURN_TYPE = YES_ERROR;
				GCC_WARN_UNDECLARED_SELECTOR = YES;
				GCC_WARN_UNINITIALIZED_AUTOS = YES_AGGRESSIVE;
				GCC_WARN_UNUSED_FUNCTION = YES;
				GCC_WARN_UNUSED_VARIABLE = YES;
				IPHONEOS_DEPLOYMENT_TARGET = 12.2;
				MTL_ENABLE_DEBUG_INFO = NO;
				MTL_FAST_MATH = YES;
				SDKROOT = iphoneos;
				SWIFT_COMPILATION_MODE = wholemodule;
				SWIFT_OPTIMIZATION_LEVEL = "-O";
				VALIDATE_PRODUCT = YES;
			};
			name = Release;
		};
		61000C54249B0F7400C64711 /* Debug */ = {
			isa = XCBuildConfiguration;
			buildSettings = {
				ASSETCATALOG_COMPILER_APPICON_NAME = AppIcon;
				CODE_SIGN_IDENTITY = "Apple Development";
				CODE_SIGN_STYLE = Automatic;
				DEVELOPMENT_TEAM = RJ8C5W246Y;
				INFOPLIST_FILE = Outside/Info.plist;
				LD_RUNPATH_SEARCH_PATHS = (
					"$(inherited)",
					"@executable_path/Frameworks",
				);
				PRODUCT_BUNDLE_IDENTIFIER = agnidhra.outside.Outside;
				PRODUCT_NAME = "$(TARGET_NAME)";
				PROVISIONING_PROFILE_SPECIFIER = "";
				SWIFT_VERSION = 5.0;
				TARGETED_DEVICE_FAMILY = "1,2";
			};
			name = Debug;
		};
		61000C55249B0F7400C64711 /* Release */ = {
			isa = XCBuildConfiguration;
			buildSettings = {
				ASSETCATALOG_COMPILER_APPICON_NAME = AppIcon;
				CODE_SIGN_IDENTITY = "Apple Development";
				CODE_SIGN_STYLE = Automatic;
				DEVELOPMENT_TEAM = RJ8C5W246Y;
				INFOPLIST_FILE = Outside/Info.plist;
				LD_RUNPATH_SEARCH_PATHS = (
					"$(inherited)",
					"@executable_path/Frameworks",
				);
				PRODUCT_BUNDLE_IDENTIFIER = agnidhra.outside.Outside;
				PRODUCT_NAME = "$(TARGET_NAME)";
				PROVISIONING_PROFILE_SPECIFIER = "";
				SWIFT_VERSION = 5.0;
				TARGETED_DEVICE_FAMILY = "1,2";
			};
			name = Release;
		};
/* End XCBuildConfiguration section */

/* Begin XCConfigurationList section */
		61000C3A249B0F7300C64711 /* Build configuration list for PBXProject "Outside" */ = {
			isa = XCConfigurationList;
			buildConfigurations = (
				61000C51249B0F7400C64711 /* Debug */,
				61000C52249B0F7400C64711 /* Release */,
			);
			defaultConfigurationIsVisible = 0;
			defaultConfigurationName = Release;
		};
		61000C53249B0F7400C64711 /* Build configuration list for PBXNativeTarget "Outside" */ = {
			isa = XCConfigurationList;
			buildConfigurations = (
				61000C54249B0F7400C64711 /* Debug */,
				61000C55249B0F7400C64711 /* Release */,
			);
			defaultConfigurationIsVisible = 0;
			defaultConfigurationName = Release;
		};
/* End XCConfigurationList section */
	};
	rootObject = 61000C37249B0F7300C64711 /* Project object */;
}
